# IF THERE'S A GIT CONFLICT IN THIS FILE, DON'T SOLVE IT MANUALLY!
# INSTEAD EXECUTE `prisma migrate fix`
# Prisma Migrate lockfile v1
# Read more about conflict resolution here: TODO

20200514201440-init
20200514202015-add-unique-directives-to-user-table
20200514213637-add-stricter-types-for-users
20200514221003-add-column-to-identify-external-environment
20200515012953-alter-lastpasswordchange-column-to-optional-date
20200515020048-alter-column-picture-to-nullable
20200515155353-alter-table-user-remove-column-environments
20200518112518-change_id_column
20200518121831-alter-id-datatype
20200518125121-update-enums-names-to-avoid-collisions